
Microsoft Visual Studio Solution File, Format Version 12.00
# Visual Studio Version 17
VisualStudioVersion = 17.9.34728.123
MinimumVisualStudioVersion = 10.0.40219.1
Project("{9A19103F-16F7-4668-BE54-9A1E7A4F7556}") = "RapidPay.API", "RapidPay.API\RapidPay.API.csproj", "{D94DB09D-D6AD-4281-881F-11EA257F168C}"
EndProject
Project("{9A19103F-16F7-4668-BE54-9A1E7A4F7556}") = "RapidPay.API.Services", "RapidPay.API.Services\RapidPay.API.Services.csproj", "{BE49DCBD-81AF-40C8-971B-D451FFF4111F}"
EndProject
Project("{9A19103F-16F7-4668-BE54-9A1E7A4F7556}") = "RapidPay.API.Data", "RapidPay.API.Data\RapidPay.API.Data.csproj", "{59440F0E-63E4-403C-A82A-4D814079BFBF}"
EndProject
Project("{FAE04EC0-301F-11D3-BF4B-00C04F79EFBC}") = "RapidPay.Common", "RapidPay.Common\RapidPay.Common.csproj", "{A4E803D4-83C2-4182-AFCD-9B8D0B0E01D5}"
EndProject
Global
	GlobalSection(SolutionConfigurationPlatforms) = preSolution
		Debug|Any CPU = Debug|Any CPU
		Release|Any CPU = Release|Any CPU
	EndGlobalSection
	GlobalSection(ProjectConfigurationPlatforms) = postSolution
		{D94DB09D-D6AD-4281-881F-11EA257F168C}.Debug|Any CPU.ActiveCfg = Debug|Any CPU
		{D94DB09D-D6AD-4281-881F-11EA257F168C}.Debug|Any CPU.Build.0 = Debug|Any CPU
		{D94DB09D-D6AD-4281-881F-11EA257F168C}.Release|Any CPU.ActiveCfg = Release|Any CPU
		{D94DB09D-D6AD-4281-881F-11EA257F168C}.Release|Any CPU.Build.0 = Release|Any CPU
		{BE49DCBD-81AF-40C8-971B-D451FFF4111F}.Debug|Any CPU.ActiveCfg = Debug|Any CPU
		{BE49DCBD-81AF-40C8-971B-D451FFF4111F}.Debug|Any CPU.Build.0 = Debug|Any CPU
		{BE49DCBD-81AF-40C8-971B-D451FFF4111F}.Release|Any CPU.ActiveCfg = Release|Any CPU
		{BE49DCBD-81AF-40C8-971B-D451FFF4111F}.Release|Any CPU.Build.0 = Release|Any CPU
		{59440F0E-63E4-403C-A82A-4D814079BFBF}.Debug|Any CPU.ActiveCfg = Debug|Any CPU
		{59440F0E-63E4-403C-A82A-4D814079BFBF}.Debug|Any CPU.Build.0 = Debug|Any CPU
		{59440F0E-63E4-403C-A82A-4D814079BFBF}.Release|Any CPU.ActiveCfg = Release|Any CPU
		{59440F0E-63E4-403C-A82A-4D814079BFBF}.Release|Any CPU.Build.0 = Release|Any CPU
		{A4E803D4-83C2-4182-AFCD-9B8D0B0E01D5}.Debug|Any CPU.ActiveCfg = Debug|Any CPU
		{A4E803D4-83C2-4182-AFCD-9B8D0B0E01D5}.Debug|Any CPU.Build.0 = Debug|Any CPU
		{A4E803D4-83C2-4182-AFCD-9B8D0B0E01D5}.Release|Any CPU.ActiveCfg = Release|Any CPU
		{A4E803D4-83C2-4182-AFCD-9B8D0B0E01D5}.Release|Any CPU.Build.0 = Release|Any CPU
	EndGlobalSection
	GlobalSection(SolutionProperties) = preSolution
		HideSolutionNode = FALSE
	EndGlobalSection
	GlobalSection(ExtensibilityGlobals) = postSolution
		SolutionGuid = {D8037289-FDC1-488F-BA3B-65DED3A14C38}
	EndGlobalSection
EndGlobal
